<?xml version="1.0" encoding="utf-8"?>
<Project ToolsVersion="4.0" xmlns="http://schemas.microsoft.com/developer/msbuild/2003">
  <ItemGroup>
    <Filter Include="Source Files">
      <UniqueIdentifier>{4FC737F1-C7A5-4376-A066-2A32D752A2FF}</UniqueIdentifier>
      <Extensions>qml;cpp;c;cc;cxx;def;odl;idl;hpj;bat;asm;asmx</Extensions>
    </Filter>
    <Filter Include="Header Files">
      <UniqueIdentifier>{93995380-89BD-4b04-88EB-625FBE52EBFB}</UniqueIdentifier>
      <Extensions>h;hh;hpp;hxx;hm;inl;inc;xsd</Extensions>
    </Filter>
    <Filter Include="Resource Files">
      <UniqueIdentifier>{67DA6AB6-F800-4c08-8B7A-83BB121AAD01}</UniqueIdentifier>
      <Extensions>qrc;rc;ico;cur;bmp;dlg;rc2;rct;bin;rgs;gif;jpg;jpeg;jpe;resx;tiff;tif;png;wav;mfcribbon-ms</Extensions>
    </Filter>
    <Filter Include="Form Files">
      <UniqueIdentifier>{99349809-55BA-4b9d-BF79-8FDBB0286EB3}</UniqueIdentifier>
      <Extensions>ui</Extensions>
    </Filter>
    <Filter Include="Translation Files">
      <UniqueIdentifier>{639EADAA-A684-42e4-A9AD-28FC9BCB8F7C}</UniqueIdentifier>
      <Extensions>ts</Extensions>
    </Filter>
  </ItemGroup>
  <ItemGroup>
    <QtRcc Include="mainwindow.qrc">
      <Filter>Resource Files</Filter>
    </QtRcc>
    <QtUic Include="mainwindow.ui">
      <Filter>Form Files</Filter>
    </QtUic>
    <QtMoc Include="mainwindow.h">
      <Filter>Header Files</Filter>
    </QtMoc>
    <ClCompile Include="mainwindow.cpp">
      <Filter>Source Files</Filter>
    </ClCompile>
    <None Include="CELEJ_PROJEKT_SERWIS_PIEC_v2.ico">
      <Filter>Resource Files</Filter>
    </None>
    <ResourceCompile Include="CELEJ_PROJEKT_SERWIS_PIEC_v2.rc">
      <Filter>Resource Files</Filter>
    </ResourceCompile>
    <ClInclude Include="stdafx.h">
      <Filter>Header Files</Filter>
    </ClInclude>
    <ClCompile Include="stdafx.cpp">
      <Filter>Source Files</Filter>
    </ClCompile>
  </ItemGroup>
  <ItemGroup>
    <ClCompile Include="main.cpp">
      <Filter>Source Files</Filter>
    </ClCompile>
    <ClCompile Include="loginscreen.cpp">
      <Filter>Source Files</Filter>
    </ClCompile>
    <ClCompile Include="user.cpp">
      <Filter>Source Files</Filter>
    </ClCompile>
    <ClCompile Include="jobswidget.cpp">
      <Filter>Source Files</Filter>
    </ClCompile>
    <ClCompile Include="addjobdialog.cpp">
      <Filter>Source Files</Filter>
    </ClCompile>
    <ClCompile Include="chooseworkerdialog.cpp">
      <Filter>Source Files</Filter>
    </ClCompile>
    <ClCompile Include="choosecustomerdialog.cpp">
      <Filter>Source Files</Filter>
    </ClCompile>
    <ClCompile Include="reportdialog.cpp">
      <Filter>Source Files</Filter>
    </ClCompile>
    <ClCompile Include="jobdetailsdialog.cpp">
      <Filter>Source Files</Filter>
    </ClCompile>
    <ClCompile Include="choosefurnacedialog.cpp">
      <Filter>Source Files</Filter>
    </ClCompile>
    <ClCompile Include="editjobdialog.cpp">
      <Filter>Source Files</Filter>
    </ClCompile>
    <ClCompile Include="customerswidget.cpp">
      <Filter>Source Files</Filter>
    </ClCompile>
    <ClCompile Include="addcustomerdialog.cpp">
      <Filter>Source Files</Filter>
    </ClCompile>
    <ClCompile Include="workerswidget.cpp">
      <Filter>Source Files</Filter>
    </ClCompile>
    <ClCompile Include="addworkerdialog.cpp">
      <Filter>Source Files</Filter>
    </ClCompile>
    <ClCompile Include="furnaceswidget.cpp">
      <Filter>Source Files</Filter>
    </ClCompile>
    <ClCompile Include="addfurnacedialog.cpp">
      <Filter>Source Files</Filter>
    </ClCompile>
    <ClCompile Include="editfurnacedialog.cpp">
      <Filter>Source Files</Filter>
    </ClCompile>
  </ItemGroup>
  <ItemGroup>
    <QtMoc Include="loginscreen.h">
      <Filter>Header Files</Filter>
    </QtMoc>
    <QtMoc Include="jobswidget.h">
      <Filter>Header Files</Filter>
    </QtMoc>
    <QtMoc Include="addjobdialog.h">
      <Filter>Header Files</Filter>
    </QtMoc>
    <QtMoc Include="chooseworkerdialog.h">
      <Filter>Header Files</Filter>
    </QtMoc>
    <QtMoc Include="reportdialog.h">
      <Filter>Header Files</Filter>
    </QtMoc>
    <QtMoc Include="choosefurnacedialog.h">
      <Filter>Header Files</Filter>
    </QtMoc>
    <QtMoc Include="jobdetailsdialog.h">
      <Filter>Header Files</Filter>
    </QtMoc>
    <QtMoc Include="editjobdialog.h">
      <Filter>Header Files</Filter>
    </QtMoc>
    <QtMoc Include="customerswidget.h">
      <Filter>Header Files</Filter>
    </QtMoc>
    <QtMoc Include="addcustomerdialog.h">
      <Filter>Header Files</Filter>
    </QtMoc>
    <QtMoc Include="workerswidget.h">
      <Filter>Header Files</Filter>
    </QtMoc>
    <QtMoc Include="addworkerdialog.h">
      <Filter>Header Files</Filter>
    </QtMoc>
    <QtMoc Include="choosecustomerdialog.h">
      <Filter>Header Files</Filter>
    </QtMoc>
    <QtMoc Include="furnaceswidget.h">
      <Filter>Header Files</Filter>
    </QtMoc>
    <QtMoc Include="addfurnacedialog.h">
      <Filter>Header Files</Filter>
    </QtMoc>
    <QtMoc Include="editfurnacedialog.h">
      <Filter>Header Files</Filter>
    </QtMoc>
  </ItemGroup>
  <ItemGroup>
    <QtUic Include="loginscreen.ui">
      <Filter>Form Files</Filter>
    </QtUic>
    <QtUic Include="jobswidget.ui">
      <Filter>Form Files</Filter>
    </QtUic>
    <QtUic Include="addjobdialog.ui">
      <Filter>Form Files</Filter>
    </QtUic>
    <QtUic Include="chooseworkerdialog.ui">
      <Filter>Form Files</Filter>
    </QtUic>
    <QtUic Include="choosefurnacedialog.ui">
      <Filter>Form Files</Filter>
    </QtUic>
    <QtUic Include="choosecustomerdialog.ui">
      <Filter>Form Files</Filter>
    </QtUic>
    <QtUic Include="reportdialog.ui">
      <Filter>Form Files</Filter>
    </QtUic>
    <QtUic Include="jobdetailsdialog.ui">
      <Filter>Form Files</Filter>
    </QtUic>
    <QtUic Include="editjobdialog.ui">
      <Filter>Form Files</Filter>
    </QtUic>
    <QtUic Include="customerswidget.ui">
      <Filter>Form Files</Filter>
    </QtUic>
    <QtUic Include="addcustomerdialog.ui">
      <Filter>Form Files</Filter>
    </QtUic>
    <QtUic Include="workerswidget.ui">
      <Filter>Form Files</Filter>
    </QtUic>
    <QtUic Include="addworkerdialog.ui">
      <Filter>Form Files</Filter>
    </QtUic>
    <QtUic Include="furnaceswidget.ui">
      <Filter>Form Files</Filter>
    </QtUic>
    <QtUic Include="addfurnacedialog.ui">
      <Filter>Form Files</Filter>
    </QtUic>
    <QtUic Include="editfurnacedialog.ui">
      <Filter>Form Files</Filter>
    </QtUic>
  </ItemGroup>
  <ItemGroup>
    <ClInclude Include="user.h">
      <Filter>Header Files</Filter>
    </ClInclude>
    <ClInclude Include="dbData.h">
      <Filter>Header Files</Filter>
    </ClInclude>
  </ItemGroup>
</Project>